
Microsoft Visual Studio Solution File, Format Version 12.00
# Visual Studio Version 16
VisualStudioVersion = 16.0.30611.23
MinimumVisualStudioVersion = 10.0.40219.1
Project("{9A19103F-16F7-4668-BE54-9A1E7A4F7556}") = "DatarynxApp", "DatarynxApp\DatarynxApp\DatarynxApp.csproj", "{E6915139-D76A-4178-B744-41C04EC1DAD8}"
EndProject
Project("{FAE04EC0-301F-11D3-BF4B-00C04F79EFBC}") = "DatarynxApp.Android", "DatarynxApp\DatarynxApp.Android\DatarynxApp.Android.csproj", "{48345F1A-DFEB-4929-9CDD-B5B2667FEE0A}"
EndProject
Project("{FAE04EC0-301F-11D3-BF4B-00C04F79EFBC}") = "DatarynxApp.iOS", "DatarynxApp\DatarynxApp.iOS\DatarynxApp.iOS.csproj", "{8472CCBB-E0D9-43EE-BA9E-89E012299EFE}"
EndProject
Global
	GlobalSection(SolutionConfigurationPlatforms) = preSolution
		Ad-Hoc|Any CPU = Ad-Hoc|Any CPU
		Ad-Hoc|iPhone = Ad-Hoc|iPhone
		Ad-Hoc|iPhoneSimulator = Ad-Hoc|iPhoneSimulator
		AppStore|Any CPU = AppStore|Any CPU
		AppStore|iPhone = AppStore|iPhone
		AppStore|iPhoneSimulator = AppStore|iPhoneSimulator
		Debug|Any CPU = Debug|Any CPU
		Debug|iPhone = Debug|iPhone
		Debug|iPhoneSimulator = Debug|iPhoneSimulator
		Release|Any CPU = Release|Any CPU
		Release|iPhone = Release|iPhone
		Release|iPhoneSimulator = Release|iPhoneSimulator
	EndGlobalSection
	GlobalSection(ProjectConfigurationPlatforms) = postSolution
		{E6915139-D76A-4178-B744-41C04EC1DAD8}.Ad-Hoc|Any CPU.ActiveCfg = Release|Any CPU
		{E6915139-D76A-4178-B744-41C04EC1DAD8}.Ad-Hoc|Any CPU.Build.0 = Release|Any CPU
		{E6915139-D76A-4178-B744-41C04EC1DAD8}.Ad-Hoc|iPhone.ActiveCfg = Release|Any CPU
		{E6915139-D76A-4178-B744-41C04EC1DAD8}.Ad-Hoc|iPhone.Build.0 = Release|Any CPU
		{E6915139-D76A-4178-B744-41C04EC1DAD8}.Ad-Hoc|iPhoneSimulator.ActiveCfg = Release|Any CPU
		{E6915139-D76A-4178-B744-41C04EC1DAD8}.Ad-Hoc|iPhoneSimulator.Build.0 = Release|Any CPU
		{E6915139-D76A-4178-B744-41C04EC1DAD8}.AppStore|Any CPU.ActiveCfg = Release|Any CPU
		{E6915139-D76A-4178-B744-41C04EC1DAD8}.AppStore|Any CPU.Build.0 = Release|Any CPU
		{E6915139-D76A-4178-B744-41C04EC1DAD8}.AppStore|iPhone.ActiveCfg = Release|Any CPU
		{E6915139-D76A-4178-B744-41C04EC1DAD8}.AppStore|iPhone.Build.0 = Release|Any CPU
		{E6915139-D76A-4178-B744-41C04EC1DAD8}.AppStore|iPhoneSimulator.ActiveCfg = Release|Any CPU
		{E6915139-D76A-4178-B744-41C04EC1DAD8}.AppStore|iPhoneSimulator.Build.0 = Release|Any CPU
		{E6915139-D76A-4178-B744-41C04EC1DAD8}.Debug|Any CPU.ActiveCfg = Debug|Any CPU
		{E6915139-D76A-4178-B744-41C04EC1DAD8}.Debug|Any CPU.Build.0 = Debug|Any CPU
		{E6915139-D76A-4178-B744-41C04EC1DAD8}.Debug|iPhone.ActiveCfg = Debug|Any CPU
		{E6915139-D76A-4178-B744-41C04EC1DAD8}.Debug|iPhone.Build.0 = Debug|Any CPU
		{E6915139-D76A-4178-B744-41C04EC1DAD8}.Debug|iPhoneSimulator.ActiveCfg = Debug|Any CPU
		{E6915139-D76A-4178-B744-41C04EC1DAD8}.Debug|iPhoneSimulator.Build.0 = Debug|Any CPU
		{E6915139-D76A-4178-B744-41C04EC1DAD8}.Release|Any CPU.ActiveCfg = Release|Any CPU
		{E6915139-D76A-4178-B744-41C04EC1DAD8}.Release|Any CPU.Build.0 = Release|Any CPU
		{E6915139-D76A-4178-B744-41C04EC1DAD8}.Release|iPhone.ActiveCfg = Release|Any CPU
		{E6915139-D76A-4178-B744-41C04EC1DAD8}.Release|iPhone.Build.0 = Release|Any CPU
		{E6915139-D76A-4178-B744-41C04EC1DAD8}.Release|iPhoneSimulator.ActiveCfg = Release|Any CPU
		{E6915139-D76A-4178-B744-41C04EC1DAD8}.Release|iPhoneSimulator.Build.0 = Release|Any CPU
		{48345F1A-DFEB-4929-9CDD-B5B2667FEE0A}.Ad-Hoc|Any CPU.ActiveCfg = Debug|Any CPU
		{48345F1A-DFEB-4929-9CDD-B5B2667FEE0A}.Ad-Hoc|Any CPU.Build.0 = Debug|Any CPU
		{48345F1A-DFEB-4929-9CDD-B5B2667FEE0A}.Ad-Hoc|Any CPU.Deploy.0 = Debug|Any CPU
		{48345F1A-DFEB-4929-9CDD-B5B2667FEE0A}.Ad-Hoc|iPhone.ActiveCfg = Debug|Any CPU
		{48345F1A-DFEB-4929-9CDD-B5B2667FEE0A}.Ad-Hoc|iPhone.Build.0 = Debug|Any CPU
		{48345F1A-DFEB-4929-9CDD-B5B2667FEE0A}.Ad-Hoc|iPhone.Deploy.0 = Debug|Any CPU
		{48345F1A-DFEB-4929-9CDD-B5B2667FEE0A}.Ad-Hoc|iPhoneSimulator.ActiveCfg = Debug|Any CPU
		{48345F1A-DFEB-4929-9CDD-B5B2667FEE0A}.Ad-Hoc|iPhoneSimulator.Build.0 = Debug|Any CPU
		{48345F1A-DFEB-4929-9CDD-B5B2667FEE0A}.Ad-Hoc|iPhoneSimulator.Deploy.0 = Debug|Any CPU
		{48345F1A-DFEB-4929-9CDD-B5B2667FEE0A}.AppStore|Any CPU.ActiveCfg = Debug|Any CPU
		{48345F1A-DFEB-4929-9CDD-B5B2667FEE0A}.AppStore|Any CPU.Build.0 = Debug|Any CPU
		{48345F1A-DFEB-4929-9CDD-B5B2667FEE0A}.AppStore|Any CPU.Deploy.0 = Debug|Any CPU
		{48345F1A-DFEB-4929-9CDD-B5B2667FEE0A}.AppStore|iPhone.ActiveCfg = Debug|Any CPU
		{48345F1A-DFEB-4929-9CDD-B5B2667FEE0A}.AppStore|iPhone.Build.0 = Debug|Any CPU
		{48345F1A-DFEB-4929-9CDD-B5B2667FEE0A}.AppStore|iPhone.Deploy.0 = Debug|Any CPU
		{48345F1A-DFEB-4929-9CDD-B5B2667FEE0A}.AppStore|iPhoneSimulator.ActiveCfg = Debug|Any CPU
		{48345F1A-DFEB-4929-9CDD-B5B2667FEE0A}.AppStore|iPhoneSimulator.Build.0 = Debug|Any CPU
		{48345F1A-DFEB-4929-9CDD-B5B2667FEE0A}.AppStore|iPhoneSimulator.Deploy.0 = Debug|Any CPU
		{48345F1A-DFEB-4929-9CDD-B5B2667FEE0A}.Debug|Any CPU.ActiveCfg = Debug|Any CPU
		{48345F1A-DFEB-4929-9CDD-B5B2667FEE0A}.Debug|Any CPU.Build.0 = Debug|Any CPU
		{48345F1A-DFEB-4929-9CDD-B5B2667FEE0A}.Debug|Any CPU.Deploy.0 = Debug|Any CPU
		{48345F1A-DFEB-4929-9CDD-B5B2667FEE0A}.Debug|iPhone.ActiveCfg = Debug|Any CPU
		{48345F1A-DFEB-4929-9CDD-B5B2667FEE0A}.Debug|iPhone.Build.0 = Debug|Any CPU
		{48345F1A-DFEB-4929-9CDD-B5B2667FEE0A}.Debug|iPhone.Deploy.0 = Debug|Any CPU
		{48345F1A-DFEB-4929-9CDD-B5B2667FEE0A}.Debug|iPhoneSimulator.ActiveCfg = Debug|Any CPU
		{48345F1A-DFEB-4929-9CDD-B5B2667FEE0A}.Debug|iPhoneSimulator.Build.0 = Debug|Any CPU
		{48345F1A-DFEB-4929-9CDD-B5B2667FEE0A}.Debug|iPhoneSimulator.Deploy.0 = Debug|Any CPU
		{48345F1A-DFEB-4929-9CDD-B5B2667FEE0A}.Release|Any CPU.ActiveCfg = Release|Any CPU
		{48345F1A-DFEB-4929-9CDD-B5B2667FEE0A}.Release|Any CPU.Build.0 = Release|Any CPU
		{48345F1A-DFEB-4929-9CDD-B5B2667FEE0A}.Release|Any CPU.Deploy.0 = Release|Any CPU
		{48345F1A-DFEB-4929-9CDD-B5B2667FEE0A}.Release|iPhone.ActiveCfg = Release|Any CPU
		{48345F1A-DFEB-4929-9CDD-B5B2667FEE0A}.Release|iPhone.Build.0 = Release|Any CPU
		{48345F1A-DFEB-4929-9CDD-B5B2667FEE0A}.Release|iPhone.Deploy.0 = Release|Any CPU
		{48345F1A-DFEB-4929-9CDD-B5B2667FEE0A}.Release|iPhoneSimulator.ActiveCfg = Release|Any CPU
		{48345F1A-DFEB-4929-9CDD-B5B2667FEE0A}.Release|iPhoneSimulator.Build.0 = Release|Any CPU
		{48345F1A-DFEB-4929-9CDD-B5B2667FEE0A}.Release|iPhoneSimulator.Deploy.0 = Release|Any CPU
		{8472CCBB-E0D9-43EE-BA9E-89E012299EFE}.Ad-Hoc|Any CPU.ActiveCfg = Ad-Hoc|iPhoneSimulator
		{8472CCBB-E0D9-43EE-BA9E-89E012299EFE}.Ad-Hoc|iPhone.ActiveCfg = Ad-Hoc|iPhone
		{8472CCBB-E0D9-43EE-BA9E-89E012299EFE}.Ad-Hoc|iPhone.Build.0 = Ad-Hoc|iPhone
		{8472CCBB-E0D9-43EE-BA9E-89E012299EFE}.Ad-Hoc|iPhoneSimulator.ActiveCfg = Ad-Hoc|iPhoneSimulator
		{8472CCBB-E0D9-43EE-BA9E-89E012299EFE}.Ad-Hoc|iPhoneSimulator.Build.0 = Ad-Hoc|iPhoneSimulator
		{8472CCBB-E0D9-43EE-BA9E-89E012299EFE}.AppStore|Any CPU.ActiveCfg = AppStore|iPhoneSimulator
		{8472CCBB-E0D9-43EE-BA9E-89E012299EFE}.AppStore|iPhone.ActiveCfg = AppStore|iPhone
		{8472CCBB-E0D9-43EE-BA9E-89E012299EFE}.AppStore|iPhone.Build.0 = AppStore|iPhone
		{8472CCBB-E0D9-43EE-BA9E-89E012299EFE}.AppStore|iPhoneSimulator.ActiveCfg = AppStore|iPhoneSimulator
		{8472CCBB-E0D9-43EE-BA9E-89E012299EFE}.AppStore|iPhoneSimulator.Build.0 = AppStore|iPhoneSimulator
		{8472CCBB-E0D9-43EE-BA9E-89E012299EFE}.Debug|Any CPU.ActiveCfg = Debug|iPhoneSimulator
		{8472CCBB-E0D9-43EE-BA9E-89E012299EFE}.Debug|iPhone.ActiveCfg = Debug|iPhone
		{8472CCBB-E0D9-43EE-BA9E-89E012299EFE}.Debug|iPhone.Build.0 = Debug|iPhone
		{8472CCBB-E0D9-43EE-BA9E-89E012299EFE}.Debug|iPhoneSimulator.ActiveCfg = Debug|iPhoneSimulator
		{8472CCBB-E0D9-43EE-BA9E-89E012299EFE}.Debug|iPhoneSimulator.Build.0 = Debug|iPhoneSimulator
		{8472CCBB-E0D9-43EE-BA9E-89E012299EFE}.Release|Any CPU.ActiveCfg = Release|iPhoneSimulator
		{8472CCBB-E0D9-43EE-BA9E-89E012299EFE}.Release|iPhone.ActiveCfg = Release|iPhone
		{8472CCBB-E0D9-43EE-BA9E-89E012299EFE}.Release|iPhone.Build.0 = Release|iPhone
		{8472CCBB-E0D9-43EE-BA9E-89E012299EFE}.Release|iPhoneSimulator.ActiveCfg = Release|iPhoneSimulator
		{8472CCBB-E0D9-43EE-BA9E-89E012299EFE}.Release|iPhoneSimulator.Build.0 = Release|iPhoneSimulator
	EndGlobalSection
	GlobalSection(SolutionProperties) = preSolution
		HideSolutionNode = FALSE
	EndGlobalSection
	GlobalSection(ExtensibilityGlobals) = postSolution
		SolutionGuid = {9578AC2F-88E4-4308-A0E2-AEF050FD70C3}
	EndGlobalSection
EndGlobal
